# This file is automatically @generated by pesde.
# It is not intended for manual editing.
format = 2
name = "rvy/miu_virtual_list"
version = "0.2.0"
target = "roblox"

[graph."wally#pepeeltoro41/ui-labs@2.4.2 roblox"]
direct = ["ui_labs", { wally = "wally#pepeeltoro41/ui-labs", version = "^2.3.8", index = "default" }, "standard"]

[graph."wally#pepeeltoro41/ui-labs@2.4.2 roblox".pkg_ref]
ref_ty = "wally"
index_url = "https://github.com/UpliftGames/wally-index"

[graph."wally#revvy02/miu@0.1.0 roblox"]
direct = ["miu", { wally = "wally#revvy02/miu", version = "^0.1.0", index = "default" }, "standard"]

[graph."wally#revvy02/miu@0.1.0 roblox".dependencies]
retained_scope = ["wally#revvy02/retained-scope@0.1.0 roblox", "standard"]

[graph."wally#revvy02/miu@0.1.0 roblox".pkg_ref]
ref_ty = "wally"
index_url = "https://github.com/UpliftGames/wally-index"

[graph."wally#revvy02/miu@0.1.0 roblox".pkg_ref.dependencies]
retained_scope = [{ wally = "wally#revvy02/retained-scope", version = ">=0.1.0, <0.2.0", index = "https://github.com/UpliftGames/wally-index" }, "standard"]

[graph."wally#revvy02/miu-px@0.1.0 roblox"]
direct = ["miu_px", { wally = "wally#revvy02/miu-px", version = "^0.1.0", index = "default" }, "standard"]

[graph."wally#revvy02/miu-px@0.1.0 roblox".pkg_ref]
ref_ty = "wally"
index_url = "https://github.com/UpliftGames/wally-index"

[graph."wally#revvy02/miu-ui-labs@0.2.0 roblox"]
direct = ["miu_ui_labs", { wally = "wally#revvy02/miu-ui-labs", version = "^0.2.0", index = "default" }, "standard"]

[graph."wally#revvy02/miu-ui-labs@0.2.0 roblox".dependencies]
miu = ["wally#revvy02/miu@0.1.0 roblox", "standard"]
ui_labs = ["wally#pepeeltoro41/ui-labs@2.4.2 roblox", "standard"]

[graph."wally#revvy02/miu-ui-labs@0.2.0 roblox".pkg_ref]
ref_ty = "wally"
index_url = "https://github.com/UpliftGames/wally-index"

[graph."wally#revvy02/miu-ui-labs@0.2.0 roblox".pkg_ref.dependencies]
miu = [{ wally = "wally#revvy02/miu", version = ">=0.1.0, <0.2.0", index = "https://github.com/UpliftGames/wally-index" }, "standard"]
ui_labs = [{ wally = "wally#pepeeltoro41/ui-labs", version = ">=2.3.8, <3.0.0", index = "https://github.com/UpliftGames/wally-index" }, "standard"]

[graph."wally#revvy02/retained-scope@0.1.0 roblox".pkg_ref]
ref_ty = "wally"
index_url = "https://github.com/UpliftGames/wally-index"
