# This file is automatically @generated by pesde.
# It is not intended for manual editing.
format = 2
name = "rvy/miu"
version = "0.1.0"
target = "roblox"

[graph."wally#revvy02/retained-scope@0.1.0 roblox"]
direct = ["retained_scope", { wally = "wally#revvy02/retained-scope", version = "^0.1.0", index = "default" }, "standard"]

[graph."wally#revvy02/retained-scope@0.1.0 roblox".pkg_ref]
ref_ty = "wally"
index_url = "https://github.com/UpliftGames/wally-index"
